
Microsoft Visual Studio Solution File, Format Version 12.00
# Visual Studio Version 16
VisualStudioVersion = 16.0.31205.134
MinimumVisualStudioVersion = 10.0.40219.1
Project("{8BC9CEB8-8B4A-11D0-8D11-00A0C91BC942}") = "Combine_d2d_box2d", "Combine_d2d_box2d.vcxproj", "{8253EA8A-036D-4B67-B5C2-F7348C8F1AA6}"
EndProject
Global
	GlobalSection(SolutionConfigurationPlatforms) = preSolution
		Debug|x64 = Debug|x64
		Debug|x86 = Debug|x86
		Release|x64 = Release|x64
		Release|x86 = Release|x86
	EndGlobalSection
	GlobalSection(ProjectConfigurationPlatforms) = postSolution
		{8253EA8A-036D-4B67-B5C2-F7348C8F1AA6}.Debug|x64.ActiveCfg = Debug|x64
		{8253EA8A-036D-4B67-B5C2-F7348C8F1AA6}.Debug|x64.Build.0 = Debug|x64
		{8253EA8A-036D-4B67-B5C2-F7348C8F1AA6}.Debug|x86.ActiveCfg = Debug|Win32
		{8253EA8A-036D-4B67-B5C2-F7348C8F1AA6}.Debug|x86.Build.0 = Debug|Win32
		{8253EA8A-036D-4B67-B5C2-F7348C8F1AA6}.Release|x64.ActiveCfg = Release|x64
		{8253EA8A-036D-4B67-B5C2-F7348C8F1AA6}.Release|x64.Build.0 = Release|x64
		{8253EA8A-036D-4B67-B5C2-F7348C8F1AA6}.Release|x86.ActiveCfg = Release|Win32
		{8253EA8A-036D-4B67-B5C2-F7348C8F1AA6}.Release|x86.Build.0 = Release|Win32
	EndGlobalSection
	GlobalSection(SolutionProperties) = preSolution
		HideSolutionNode = FALSE
	EndGlobalSection
	GlobalSection(ExtensibilityGlobals) = postSolution
		SolutionGuid = {EE939B67-FC52-4244-8A08-4D4507D08411}
	EndGlobalSection
EndGlobal
